
Microsoft Visual Studio Solution File, Format Version 12.00
# Visual Studio Version 16
VisualStudioVersion = 16.0.30011.22
MinimumVisualStudioVersion = 10.0.40219.1
Project("{FAE04EC0-301F-11D3-BF4B-00C04F79EFBC}") = "Ricky8955555.CoolQ", "Ricky8955555.CoolQ.csproj", "{80E856BA-95B6-4921-BE9E-F5A6C05A93A3}"
EndProject
Global
	GlobalSection(SolutionConfigurationPlatforms) = preSolution
		Debug|Any CPU = Debug|Any CPU
		Release|Any CPU = Release|Any CPU
	EndGlobalSection
	GlobalSection(ProjectConfigurationPlatforms) = postSolution
		{80E856BA-95B6-4921-BE9E-F5A6C05A93A3}.Debug|Any CPU.ActiveCfg = Debug|Any CPU
		{80E856BA-95B6-4921-BE9E-F5A6C05A93A3}.Debug|Any CPU.Build.0 = Debug|Any CPU
		{80E856BA-95B6-4921-BE9E-F5A6C05A93A3}.Release|Any CPU.ActiveCfg = Release|Any CPU
		{80E856BA-95B6-4921-BE9E-F5A6C05A93A3}.Release|Any CPU.Build.0 = Release|Any CPU
	EndGlobalSection
	GlobalSection(SolutionProperties) = preSolution
		HideSolutionNode = FALSE
	EndGlobalSection
	GlobalSection(ExtensibilityGlobals) = postSolution
		SolutionGuid = {0BD0D7D5-F622-47AF-9C25-783197938D21}
	EndGlobalSection
EndGlobal
